
Microsoft Visual Studio Solution File, Format Version 12.00
# Visual Studio Version 17
VisualStudioVersion = 17.0.31612.314
MinimumVisualStudioVersion = 15.0.26124.0
Project("{2150E333-8FDC-42A3-9474-1A3956D46DE8}") = "libs", "libs", "{A81E8E20-1054-47B3-9AF0-9C64AF445225}"
EndProject
Project("{9A19103F-16F7-4668-BE54-9A1E7A4F7556}") = "Ingenium.CodeGeneration", "libs\Ingenium.CodeGeneration\Ingenium.CodeGeneration.csproj", "{B3773A05-CB22-4B2F-817C-84E16AFC6010}"
EndProject
Project("{2150E333-8FDC-42A3-9474-1A3956D46DE8}") = "tests", "tests", "{45B6A338-BD4F-474F-8261-E2927E841B38}"
EndProject
Project("{9A19103F-16F7-4668-BE54-9A1E7A4F7556}") = "Ingenium.CodeGeneration.Tests", "tests\Ingenium.CodeGeneration.Tests\Ingenium.CodeGeneration.Tests.csproj", "{050264E4-3106-410D-9F2F-51320C12330E}"
EndProject
Project("{2150E333-8FDC-42A3-9474-1A3956D46DE8}") = "build", "build", "{3CE7319A-D86B-47DA-8EBD-1D16C1F59BAF}"
	ProjectSection(SolutionItems) = preProject
		Build\.editorconfig = Build\.editorconfig
		Build\.gitignore = Build\.gitignore
		Build\build.props = Build\build.props
		Build\build.targets = Build\build.targets
		Build\conventions.props = Build\conventions.props
		Build\conventions.targets = Build\conventions.targets
		Build\coverlet.runsettings = Build\coverlet.runsettings
		Build\LICENSE = Build\LICENSE
		Build\packages.props = Build\packages.props
		Build\README.md = Build\README.md
		Build\settings.props = Build\settings.props
		Build\source.props = Build\source.props
		Build\versions.props = Build\versions.props
	EndProjectSection
EndProject
Project("{2150E333-8FDC-42A3-9474-1A3956D46DE8}") = "apps", "apps", "{AF661116-EEE0-49D0-93A9-82281A3C80F0}"
	ProjectSection(SolutionItems) = preProject
		Build\apps\Directory.Build.props = Build\apps\Directory.Build.props
		Build\apps\Directory.Build.targets = Build\apps\Directory.Build.targets
		Build\apps\packages.props = Build\apps\packages.props
	EndProjectSection
EndProject
Project("{9A19103F-16F7-4668-BE54-9A1E7A4F7556}") = "Build", "Build\apps\Build\Build.csproj", "{1075EC72-DE9B-4072-B568-17EB13A187A8}"
EndProject
Project("{2150E333-8FDC-42A3-9474-1A3956D46DE8}") = "repo", "repo", "{F0C423D2-486C-4FDD-841D-5AA0CE1C877C}"
	ProjectSection(SolutionItems) = preProject
		.editorconfig = .editorconfig
		.gitignore = .gitignore
		build.cmd = build.cmd
		build.sh = build.sh
		Directory.Build.props = Directory.Build.props
		Directory.Build.targets = Directory.Build.targets
		packages.props = packages.props
		packages.targets = packages.targets
		README.md = README.md
	EndProjectSection
EndProject
Project("{2150E333-8FDC-42A3-9474-1A3956D46DE8}") = ".config", ".config", "{188AC79E-212F-416D-BE6E-EE6A5A7CE2A1}"
	ProjectSection(SolutionItems) = preProject
		Build\.config\dotnet-tools.json = Build\.config\dotnet-tools.json
	EndProjectSection
EndProject
Project("{2150E333-8FDC-42A3-9474-1A3956D46DE8}") = "build-extensions", "build-extensions", "{26452902-B573-476E-8620-AEF897C69666}"
EndProject
Project("{9A19103F-16F7-4668-BE54-9A1E7A4F7556}") = "Build.Abstractions", "build\apps\Build.Abstractions\Build.Abstractions.csproj", "{902544B0-63FA-4A42-B733-743C0F1759EA}"
EndProject
Project("{9A19103F-16F7-4668-BE54-9A1E7A4F7556}") = "FrameworkBuildExtensions", "build-extensions\FrameworkBuildExtensions\FrameworkBuildExtensions.csproj", "{97D940D7-97A1-466C-8F66-AC7840A835D5}"
EndProject
Project("{9A19103F-16F7-4668-BE54-9A1E7A4F7556}") = "Ingenium.Modules", "libs\Ingenium.Modules\Ingenium.Modules.csproj", "{7EB4E83E-0371-43C5-96B8-C7027F82A523}"
EndProject
Project("{9A19103F-16F7-4668-BE54-9A1E7A4F7556}") = "Ingenium.Parts", "libs\Ingenium.Parts\Ingenium.Parts.csproj", "{2B50384D-B564-4C18-9A67-03960444CCF0}"
EndProject
Project("{9A19103F-16F7-4668-BE54-9A1E7A4F7556}") = "Ingenium.Hosting", "libs\Ingenium.Hosting\Ingenium.Hosting.csproj", "{23250716-4053-4F6E-A92A-BD89224D48CB}"
EndProject
Project("{9A19103F-16F7-4668-BE54-9A1E7A4F7556}") = "Ingenium.DependencyInjection", "libs\Ingenium.DependencyInjection\Ingenium.DependencyInjection.csproj", "{002A1C82-D1FC-42B3-AE9D-8E18CE82FC07}"
EndProject
Project("{9A19103F-16F7-4668-BE54-9A1E7A4F7556}") = "Ingenium.Configuration", "libs\Ingenium.Configuration\Ingenium.Configuration.csproj", "{6356964B-2619-4371-A356-55491CC02B2B}"
EndProject
Project("{2150E333-8FDC-42A3-9474-1A3956D46DE8}") = "samples", "samples", "{D883B620-DE8E-47CF-8864-EB6A44EFE101}"
EndProject
Project("{9A19103F-16F7-4668-BE54-9A1E7A4F7556}") = "ConsoleSample", "samples\ConsoleSample\ConsoleSample.csproj", "{B32158D1-84F5-462A-A926-6237BACBD798}"
EndProject
Project("{9A19103F-16F7-4668-BE54-9A1E7A4F7556}") = "Ingenium.Common", "libs\Ingenium.Common\Ingenium.Common.csproj", "{5760872C-701B-4B79-9C98-2C6C4472F704}"
EndProject
Project("{9A19103F-16F7-4668-BE54-9A1E7A4F7556}") = "Ingenium.Configuration.Tests", "tests\Ingenium.Configuration.Tests\Ingenium.Configuration.Tests.csproj", "{9BDD4DD5-7E0D-45A7-ACD7-FC0F094AF8B3}"
EndProject
Project("{9A19103F-16F7-4668-BE54-9A1E7A4F7556}") = "Ingenium.Common.Tests", "tests\Ingenium.Common.Tests\Ingenium.Common.Tests.csproj", "{6778BDB6-6A31-4F2A-BC0D-86CB860E15D9}"
EndProject
Project("{2150E333-8FDC-42A3-9474-1A3956D46DE8}") = "src", "src", "{2B9B6831-153C-490D-8FFD-B42CC0977A34}"
	ProjectSection(SolutionItems) = preProject
		Build\src\SharedSource.cs = Build\src\SharedSource.cs
	EndProjectSection
EndProject
Project("{9A19103F-16F7-4668-BE54-9A1E7A4F7556}") = "Ingenium.DependencyInjection.Tests", "tests\Ingenium.DependencyInjection.Tests\Ingenium.DependencyInjection.Tests.csproj", "{16E61117-3FD8-4482-B3ED-5667F107EC1F}"
EndProject
Project("{9A19103F-16F7-4668-BE54-9A1E7A4F7556}") = "Ingenium.Parts.Tests", "tests\Ingenium.Parts.Tests\Ingenium.Parts.Tests.csproj", "{B0D38AC6-EBBB-4E5F-8E37-D5F00AD94EE9}"
EndProject
Project("{9A19103F-16F7-4668-BE54-9A1E7A4F7556}") = "Ingenium.Modules.Tests", "tests\Ingenium.Modules.Tests\Ingenium.Modules.Tests.csproj", "{40AFC8FD-D981-449D-A947-938E69138F87}"
EndProject
Project("{9A19103F-16F7-4668-BE54-9A1E7A4F7556}") = "FictionistApi", "samples\FictionistApi\FictionistApi.csproj", "{7642C300-8B1A-4DD4-BD14-29D348D359DE}"
EndProject
Project("{9A19103F-16F7-4668-BE54-9A1E7A4F7556}") = "Ingenium.Data", "libs\Ingenium.Data\Ingenium.Data.csproj", "{F30E24BE-5727-4C6D-9645-B4FE987E0C3D}"
EndProject
Project("{9A19103F-16F7-4668-BE54-9A1E7A4F7556}") = "Ingenium.Data.SqlServer", "libs\Ingenium.Data.SqlServer\Ingenium.Data.SqlServer.csproj", "{904BC494-CDEE-4EEE-B26B-25B568E7680A}"
EndProject
Project("{9A19103F-16F7-4668-BE54-9A1E7A4F7556}") = "Ingenium.Data.Tests", "tests\Ingenium.Data.Tests\Ingenium.Data.Tests.csproj", "{3DDE967A-6E13-4404-AAF3-A7DB637EED2D}"
EndProject
Project("{9A19103F-16F7-4668-BE54-9A1E7A4F7556}") = "Ingenium.Storage", "libs\Ingenium.Storage\Ingenium.Storage.csproj", "{CAA59756-D3CA-45FB-A76C-F86368A6903D}"
EndProject
Project("{9A19103F-16F7-4668-BE54-9A1E7A4F7556}") = "Ingenium.Storage.FileSystem", "libs\Ingenium.Storage.FileSystem\Ingenium.Storage.FileSystem.csproj", "{B1FF3A26-90FD-46B3-B193-8AC1EDD7193D}"
EndProject
Project("{9A19103F-16F7-4668-BE54-9A1E7A4F7556}") = "Ingenium.Gql", "libs\Ingenium.Gql\Ingenium.Gql.csproj", "{E117A229-6626-442D-A41D-6F2FB56AA5CD}"
EndProject
Project("{9A19103F-16F7-4668-BE54-9A1E7A4F7556}") = "Ingenium.Web", "libs\Ingenium.Web\Ingenium.Web.csproj", "{0FA37D14-FCF2-4CBD-8C58-3820D65B96B5}"
EndProject
Project("{9A19103F-16F7-4668-BE54-9A1E7A4F7556}") = "Ingenium.Hosting.AspNetCore", "libs\Ingenium.Hosting.AspNetCore\Ingenium.Hosting.AspNetCore.csproj", "{558F6D8A-4462-4D5A-BB1C-58759F4F3EFE}"
EndProject
Project("{9A19103F-16F7-4668-BE54-9A1E7A4F7556}") = "WebSample", "samples\WebSample\WebSample.csproj", "{49C60AB0-E4CD-4CA2-A968-D929ADBC3AF5}"
EndProject
Project("{2150E333-8FDC-42A3-9474-1A3956D46DE8}") = "data", "data", "{BA423F24-DEA0-42C7-B4CE-E79568817A8D}"
	ProjectSection(SolutionItems) = preProject
		data\Directory.Build.props = data\Directory.Build.props
		data\Directory.Build.targets = data\Directory.Build.targets
	EndProjectSection
EndProject
Project("{00D1A9C2-B5F0-4AF3-8072-F6C62B433612}") = "Ingenium.Platform.Securiry.SqlServer", "data\Ingenium.Platform.Securiry.SqlServer\Ingenium.Platform.Securiry.SqlServer.sqlproj", "{ABBD1320-6FC6-4052-A201-B5A6CFF34943}"
EndProject
Project("{2150E333-8FDC-42A3-9474-1A3956D46DE8}") = "platform", "platform", "{31E16CFE-FF07-4E4A-926F-521B310871D4}"
EndProject
Project("{9A19103F-16F7-4668-BE54-9A1E7A4F7556}") = "Ingenium.Platform.Security", "libs\platform\Ingenium.Platform.Security\Ingenium.Platform.Security.csproj", "{DC1C3A6E-6104-4285-9294-6FE9DFD50B8E}"
EndProject
Project("{9A19103F-16F7-4668-BE54-9A1E7A4F7556}") = "Ingenium.Platform.Data", "libs\platform\Ingenium.Platform.Data\Ingenium.Platform.Data.csproj", "{715F79B1-CF23-4B33-9E56-A68785931136}"
EndProject
Project("{00D1A9C2-B5F0-4AF3-8072-F6C62B433612}") = "Fictionist.SqlServer", "data\Fictionist.SqlServer\Fictionist.SqlServer.sqlproj", "{C1C72138-2F08-438F-AF94-D5086ABF0A4F}"
EndProject
Project("{9A19103F-16F7-4668-BE54-9A1E7A4F7556}") = "Ingenium.Platform.Data.SqlServer", "libs\platform\Ingenium.Platform.Data.SqlServer\Ingenium.Platform.Data.SqlServer.csproj", "{66A89FFD-F54D-4174-8784-44DD38F46C09}"
EndProject
Project("{9A19103F-16F7-4668-BE54-9A1E7A4F7556}") = "Ingenium.CodeGeneration.Attributes", "libs\Ingenium.CodeGeneration.Attributes\Ingenium.CodeGeneration.Attributes.csproj", "{653286EF-3E2A-4095-B180-D4ED36691466}"
EndProject
Project("{2150E333-8FDC-42A3-9474-1A3956D46DE8}") = "codegen", "codegen", "{F53885A5-5126-4860-940B-0BDFE9F6A0C2}"
EndProject
Project("{FAE04EC0-301F-11D3-BF4B-00C04F79EFBC}") = "Ingenium.Platform.Membership", "libs\platform\Ingenium.Platform.Membership\Ingenium.Platform.Membership.csproj", "{8F817791-2939-48DA-829C-21B1089EAC9A}"
EndProject
Global
	GlobalSection(SolutionConfigurationPlatforms) = preSolution
		Debug|Any CPU = Debug|Any CPU
		Debug|x64 = Debug|x64
		Debug|x86 = Debug|x86
		Release|Any CPU = Release|Any CPU
		Release|x64 = Release|x64
		Release|x86 = Release|x86
	EndGlobalSection
	GlobalSection(ProjectConfigurationPlatforms) = postSolution
		{B3773A05-CB22-4B2F-817C-84E16AFC6010}.Debug|Any CPU.ActiveCfg = Debug|Any CPU
		{B3773A05-CB22-4B2F-817C-84E16AFC6010}.Debug|Any CPU.Build.0 = Debug|Any CPU
		{B3773A05-CB22-4B2F-817C-84E16AFC6010}.Debug|x64.ActiveCfg = Debug|Any CPU
		{B3773A05-CB22-4B2F-817C-84E16AFC6010}.Debug|x64.Build.0 = Debug|Any CPU
		{B3773A05-CB22-4B2F-817C-84E16AFC6010}.Debug|x86.ActiveCfg = Debug|Any CPU
		{B3773A05-CB22-4B2F-817C-84E16AFC6010}.Debug|x86.Build.0 = Debug|Any CPU
		{B3773A05-CB22-4B2F-817C-84E16AFC6010}.Release|Any CPU.ActiveCfg = Release|Any CPU
		{B3773A05-CB22-4B2F-817C-84E16AFC6010}.Release|Any CPU.Build.0 = Release|Any CPU
		{B3773A05-CB22-4B2F-817C-84E16AFC6010}.Release|x64.ActiveCfg = Release|Any CPU
		{B3773A05-CB22-4B2F-817C-84E16AFC6010}.Release|x64.Build.0 = Release|Any CPU
		{B3773A05-CB22-4B2F-817C-84E16AFC6010}.Release|x86.ActiveCfg = Release|Any CPU
		{B3773A05-CB22-4B2F-817C-84E16AFC6010}.Release|x86.Build.0 = Release|Any CPU
		{050264E4-3106-410D-9F2F-51320C12330E}.Debug|Any CPU.ActiveCfg = Debug|Any CPU
		{050264E4-3106-410D-9F2F-51320C12330E}.Debug|Any CPU.Build.0 = Debug|Any CPU
		{050264E4-3106-410D-9F2F-51320C12330E}.Debug|x64.ActiveCfg = Debug|Any CPU
		{050264E4-3106-410D-9F2F-51320C12330E}.Debug|x64.Build.0 = Debug|Any CPU
		{050264E4-3106-410D-9F2F-51320C12330E}.Debug|x86.ActiveCfg = Debug|Any CPU
		{050264E4-3106-410D-9F2F-51320C12330E}.Debug|x86.Build.0 = Debug|Any CPU
		{050264E4-3106-410D-9F2F-51320C12330E}.Release|Any CPU.ActiveCfg = Release|Any CPU
		{050264E4-3106-410D-9F2F-51320C12330E}.Release|Any CPU.Build.0 = Release|Any CPU
		{050264E4-3106-410D-9F2F-51320C12330E}.Release|x64.ActiveCfg = Release|Any CPU
		{050264E4-3106-410D-9F2F-51320C12330E}.Release|x64.Build.0 = Release|Any CPU
		{050264E4-3106-410D-9F2F-51320C12330E}.Release|x86.ActiveCfg = Release|Any CPU
		{050264E4-3106-410D-9F2F-51320C12330E}.Release|x86.Build.0 = Release|Any CPU
		{1075EC72-DE9B-4072-B568-17EB13A187A8}.Debug|Any CPU.ActiveCfg = Debug|Any CPU
		{1075EC72-DE9B-4072-B568-17EB13A187A8}.Debug|Any CPU.Build.0 = Debug|Any CPU
		{1075EC72-DE9B-4072-B568-17EB13A187A8}.Debug|x64.ActiveCfg = Debug|Any CPU
		{1075EC72-DE9B-4072-B568-17EB13A187A8}.Debug|x64.Build.0 = Debug|Any CPU
		{1075EC72-DE9B-4072-B568-17EB13A187A8}.Debug|x86.ActiveCfg = Debug|Any CPU
		{1075EC72-DE9B-4072-B568-17EB13A187A8}.Debug|x86.Build.0 = Debug|Any CPU
		{1075EC72-DE9B-4072-B568-17EB13A187A8}.Release|Any CPU.ActiveCfg = Release|Any CPU
		{1075EC72-DE9B-4072-B568-17EB13A187A8}.Release|Any CPU.Build.0 = Release|Any CPU
		{1075EC72-DE9B-4072-B568-17EB13A187A8}.Release|x64.ActiveCfg = Release|Any CPU
		{1075EC72-DE9B-4072-B568-17EB13A187A8}.Release|x64.Build.0 = Release|Any CPU
		{1075EC72-DE9B-4072-B568-17EB13A187A8}.Release|x86.ActiveCfg = Release|Any CPU
		{1075EC72-DE9B-4072-B568-17EB13A187A8}.Release|x86.Build.0 = Release|Any CPU
		{902544B0-63FA-4A42-B733-743C0F1759EA}.Debug|Any CPU.ActiveCfg = Debug|Any CPU
		{902544B0-63FA-4A42-B733-743C0F1759EA}.Debug|Any CPU.Build.0 = Debug|Any CPU
		{902544B0-63FA-4A42-B733-743C0F1759EA}.Debug|x64.ActiveCfg = Debug|Any CPU
		{902544B0-63FA-4A42-B733-743C0F1759EA}.Debug|x64.Build.0 = Debug|Any CPU
		{902544B0-63FA-4A42-B733-743C0F1759EA}.Debug|x86.ActiveCfg = Debug|Any CPU
		{902544B0-63FA-4A42-B733-743C0F1759EA}.Debug|x86.Build.0 = Debug|Any CPU
		{902544B0-63FA-4A42-B733-743C0F1759EA}.Release|Any CPU.ActiveCfg = Release|Any CPU
		{902544B0-63FA-4A42-B733-743C0F1759EA}.Release|Any CPU.Build.0 = Release|Any CPU
		{902544B0-63FA-4A42-B733-743C0F1759EA}.Release|x64.ActiveCfg = Release|Any CPU
		{902544B0-63FA-4A42-B733-743C0F1759EA}.Release|x64.Build.0 = Release|Any CPU
		{902544B0-63FA-4A42-B733-743C0F1759EA}.Release|x86.ActiveCfg = Release|Any CPU
		{902544B0-63FA-4A42-B733-743C0F1759EA}.Release|x86.Build.0 = Release|Any CPU
		{97D940D7-97A1-466C-8F66-AC7840A835D5}.Debug|Any CPU.ActiveCfg = Debug|Any CPU
		{97D940D7-97A1-466C-8F66-AC7840A835D5}.Debug|Any CPU.Build.0 = Debug|Any CPU
		{97D940D7-97A1-466C-8F66-AC7840A835D5}.Debug|x64.ActiveCfg = Debug|Any CPU
		{97D940D7-97A1-466C-8F66-AC7840A835D5}.Debug|x64.Build.0 = Debug|Any CPU
		{97D940D7-97A1-466C-8F66-AC7840A835D5}.Debug|x86.ActiveCfg = Debug|Any CPU
		{97D940D7-97A1-466C-8F66-AC7840A835D5}.Debug|x86.Build.0 = Debug|Any CPU
		{97D940D7-97A1-466C-8F66-AC7840A835D5}.Release|Any CPU.ActiveCfg = Release|Any CPU
		{97D940D7-97A1-466C-8F66-AC7840A835D5}.Release|Any CPU.Build.0 = Release|Any CPU
		{97D940D7-97A1-466C-8F66-AC7840A835D5}.Release|x64.ActiveCfg = Release|Any CPU
		{97D940D7-97A1-466C-8F66-AC7840A835D5}.Release|x64.Build.0 = Release|Any CPU
		{97D940D7-97A1-466C-8F66-AC7840A835D5}.Release|x86.ActiveCfg = Release|Any CPU
		{97D940D7-97A1-466C-8F66-AC7840A835D5}.Release|x86.Build.0 = Release|Any CPU
		{7EB4E83E-0371-43C5-96B8-C7027F82A523}.Debug|Any CPU.ActiveCfg = Debug|Any CPU
		{7EB4E83E-0371-43C5-96B8-C7027F82A523}.Debug|Any CPU.Build.0 = Debug|Any CPU
		{7EB4E83E-0371-43C5-96B8-C7027F82A523}.Debug|x64.ActiveCfg = Debug|Any CPU
		{7EB4E83E-0371-43C5-96B8-C7027F82A523}.Debug|x64.Build.0 = Debug|Any CPU
		{7EB4E83E-0371-43C5-96B8-C7027F82A523}.Debug|x86.ActiveCfg = Debug|Any CPU
		{7EB4E83E-0371-43C5-96B8-C7027F82A523}.Debug|x86.Build.0 = Debug|Any CPU
		{7EB4E83E-0371-43C5-96B8-C7027F82A523}.Release|Any CPU.ActiveCfg = Release|Any CPU
		{7EB4E83E-0371-43C5-96B8-C7027F82A523}.Release|Any CPU.Build.0 = Release|Any CPU
		{7EB4E83E-0371-43C5-96B8-C7027F82A523}.Release|x64.ActiveCfg = Release|Any CPU
		{7EB4E83E-0371-43C5-96B8-C7027F82A523}.Release|x64.Build.0 = Release|Any CPU
		{7EB4E83E-0371-43C5-96B8-C7027F82A523}.Release|x86.ActiveCfg = Release|Any CPU
		{7EB4E83E-0371-43C5-96B8-C7027F82A523}.Release|x86.Build.0 = Release|Any CPU
		{2B50384D-B564-4C18-9A67-03960444CCF0}.Debug|Any CPU.ActiveCfg = Debug|Any CPU
		{2B50384D-B564-4C18-9A67-03960444CCF0}.Debug|Any CPU.Build.0 = Debug|Any CPU
		{2B50384D-B564-4C18-9A67-03960444CCF0}.Debug|x64.ActiveCfg = Debug|Any CPU
		{2B50384D-B564-4C18-9A67-03960444CCF0}.Debug|x64.Build.0 = Debug|Any CPU
		{2B50384D-B564-4C18-9A67-03960444CCF0}.Debug|x86.ActiveCfg = Debug|Any CPU
		{2B50384D-B564-4C18-9A67-03960444CCF0}.Debug|x86.Build.0 = Debug|Any CPU
		{2B50384D-B564-4C18-9A67-03960444CCF0}.Release|Any CPU.ActiveCfg = Release|Any CPU
		{2B50384D-B564-4C18-9A67-03960444CCF0}.Release|Any CPU.Build.0 = Release|Any CPU
		{2B50384D-B564-4C18-9A67-03960444CCF0}.Release|x64.ActiveCfg = Release|Any CPU
		{2B50384D-B564-4C18-9A67-03960444CCF0}.Release|x64.Build.0 = Release|Any CPU
		{2B50384D-B564-4C18-9A67-03960444CCF0}.Release|x86.ActiveCfg = Release|Any CPU
		{2B50384D-B564-4C18-9A67-03960444CCF0}.Release|x86.Build.0 = Release|Any CPU
		{23250716-4053-4F6E-A92A-BD89224D48CB}.Debug|Any CPU.ActiveCfg = Debug|Any CPU
		{23250716-4053-4F6E-A92A-BD89224D48CB}.Debug|Any CPU.Build.0 = Debug|Any CPU
		{23250716-4053-4F6E-A92A-BD89224D48CB}.Debug|x64.ActiveCfg = Debug|Any CPU
		{23250716-4053-4F6E-A92A-BD89224D48CB}.Debug|x64.Build.0 = Debug|Any CPU
		{23250716-4053-4F6E-A92A-BD89224D48CB}.Debug|x86.ActiveCfg = Debug|Any CPU
		{23250716-4053-4F6E-A92A-BD89224D48CB}.Debug|x86.Build.0 = Debug|Any CPU
		{23250716-4053-4F6E-A92A-BD89224D48CB}.Release|Any CPU.ActiveCfg = Release|Any CPU
		{23250716-4053-4F6E-A92A-BD89224D48CB}.Release|Any CPU.Build.0 = Release|Any CPU
		{23250716-4053-4F6E-A92A-BD89224D48CB}.Release|x64.ActiveCfg = Release|Any CPU
		{23250716-4053-4F6E-A92A-BD89224D48CB}.Release|x64.Build.0 = Release|Any CPU
		{23250716-4053-4F6E-A92A-BD89224D48CB}.Release|x86.ActiveCfg = Release|Any CPU
		{23250716-4053-4F6E-A92A-BD89224D48CB}.Release|x86.Build.0 = Release|Any CPU
		{002A1C82-D1FC-42B3-AE9D-8E18CE82FC07}.Debug|Any CPU.ActiveCfg = Debug|Any CPU
		{002A1C82-D1FC-42B3-AE9D-8E18CE82FC07}.Debug|Any CPU.Build.0 = Debug|Any CPU
		{002A1C82-D1FC-42B3-AE9D-8E18CE82FC07}.Debug|x64.ActiveCfg = Debug|Any CPU
		{002A1C82-D1FC-42B3-AE9D-8E18CE82FC07}.Debug|x64.Build.0 = Debug|Any CPU
		{002A1C82-D1FC-42B3-AE9D-8E18CE82FC07}.Debug|x86.ActiveCfg = Debug|Any CPU
		{002A1C82-D1FC-42B3-AE9D-8E18CE82FC07}.Debug|x86.Build.0 = Debug|Any CPU
		{002A1C82-D1FC-42B3-AE9D-8E18CE82FC07}.Release|Any CPU.ActiveCfg = Release|Any CPU
		{002A1C82-D1FC-42B3-AE9D-8E18CE82FC07}.Release|Any CPU.Build.0 = Release|Any CPU
		{002A1C82-D1FC-42B3-AE9D-8E18CE82FC07}.Release|x64.ActiveCfg = Release|Any CPU
		{002A1C82-D1FC-42B3-AE9D-8E18CE82FC07}.Release|x64.Build.0 = Release|Any CPU
		{002A1C82-D1FC-42B3-AE9D-8E18CE82FC07}.Release|x86.ActiveCfg = Release|Any CPU
		{002A1C82-D1FC-42B3-AE9D-8E18CE82FC07}.Release|x86.Build.0 = Release|Any CPU
		{6356964B-2619-4371-A356-55491CC02B2B}.Debug|Any CPU.ActiveCfg = Debug|Any CPU
		{6356964B-2619-4371-A356-55491CC02B2B}.Debug|Any CPU.Build.0 = Debug|Any CPU
		{6356964B-2619-4371-A356-55491CC02B2B}.Debug|x64.ActiveCfg = Debug|Any CPU
		{6356964B-2619-4371-A356-55491CC02B2B}.Debug|x64.Build.0 = Debug|Any CPU
		{6356964B-2619-4371-A356-55491CC02B2B}.Debug|x86.ActiveCfg = Debug|Any CPU
		{6356964B-2619-4371-A356-55491CC02B2B}.Debug|x86.Build.0 = Debug|Any CPU
		{6356964B-2619-4371-A356-55491CC02B2B}.Release|Any CPU.ActiveCfg = Release|Any CPU
		{6356964B-2619-4371-A356-55491CC02B2B}.Release|Any CPU.Build.0 = Release|Any CPU
		{6356964B-2619-4371-A356-55491CC02B2B}.Release|x64.ActiveCfg = Release|Any CPU
		{6356964B-2619-4371-A356-55491CC02B2B}.Release|x64.Build.0 = Release|Any CPU
		{6356964B-2619-4371-A356-55491CC02B2B}.Release|x86.ActiveCfg = Release|Any CPU
		{6356964B-2619-4371-A356-55491CC02B2B}.Release|x86.Build.0 = Release|Any CPU
		{B32158D1-84F5-462A-A926-6237BACBD798}.Debug|Any CPU.ActiveCfg = Debug|Any CPU
		{B32158D1-84F5-462A-A926-6237BACBD798}.Debug|Any CPU.Build.0 = Debug|Any CPU
		{B32158D1-84F5-462A-A926-6237BACBD798}.Debug|x64.ActiveCfg = Debug|Any CPU
		{B32158D1-84F5-462A-A926-6237BACBD798}.Debug|x64.Build.0 = Debug|Any CPU
		{B32158D1-84F5-462A-A926-6237BACBD798}.Debug|x86.ActiveCfg = Debug|Any CPU
		{B32158D1-84F5-462A-A926-6237BACBD798}.Debug|x86.Build.0 = Debug|Any CPU
		{B32158D1-84F5-462A-A926-6237BACBD798}.Release|Any CPU.ActiveCfg = Release|Any CPU
		{B32158D1-84F5-462A-A926-6237BACBD798}.Release|Any CPU.Build.0 = Release|Any CPU
		{B32158D1-84F5-462A-A926-6237BACBD798}.Release|x64.ActiveCfg = Release|Any CPU
		{B32158D1-84F5-462A-A926-6237BACBD798}.Release|x64.Build.0 = Release|Any CPU
		{B32158D1-84F5-462A-A926-6237BACBD798}.Release|x86.ActiveCfg = Release|Any CPU
		{B32158D1-84F5-462A-A926-6237BACBD798}.Release|x86.Build.0 = Release|Any CPU
		{5760872C-701B-4B79-9C98-2C6C4472F704}.Debug|Any CPU.ActiveCfg = Debug|Any CPU
		{5760872C-701B-4B79-9C98-2C6C4472F704}.Debug|Any CPU.Build.0 = Debug|Any CPU
		{5760872C-701B-4B79-9C98-2C6C4472F704}.Debug|x64.ActiveCfg = Debug|Any CPU
		{5760872C-701B-4B79-9C98-2C6C4472F704}.Debug|x64.Build.0 = Debug|Any CPU
		{5760872C-701B-4B79-9C98-2C6C4472F704}.Debug|x86.ActiveCfg = Debug|Any CPU
		{5760872C-701B-4B79-9C98-2C6C4472F704}.Debug|x86.Build.0 = Debug|Any CPU
		{5760872C-701B-4B79-9C98-2C6C4472F704}.Release|Any CPU.ActiveCfg = Release|Any CPU
		{5760872C-701B-4B79-9C98-2C6C4472F704}.Release|Any CPU.Build.0 = Release|Any CPU
		{5760872C-701B-4B79-9C98-2C6C4472F704}.Release|x64.ActiveCfg = Release|Any CPU
		{5760872C-701B-4B79-9C98-2C6C4472F704}.Release|x64.Build.0 = Release|Any CPU
		{5760872C-701B-4B79-9C98-2C6C4472F704}.Release|x86.ActiveCfg = Release|Any CPU
		{5760872C-701B-4B79-9C98-2C6C4472F704}.Release|x86.Build.0 = Release|Any CPU
		{9BDD4DD5-7E0D-45A7-ACD7-FC0F094AF8B3}.Debug|Any CPU.ActiveCfg = Debug|Any CPU
		{9BDD4DD5-7E0D-45A7-ACD7-FC0F094AF8B3}.Debug|Any CPU.Build.0 = Debug|Any CPU
		{9BDD4DD5-7E0D-45A7-ACD7-FC0F094AF8B3}.Debug|x64.ActiveCfg = Debug|Any CPU
		{9BDD4DD5-7E0D-45A7-ACD7-FC0F094AF8B3}.Debug|x64.Build.0 = Debug|Any CPU
		{9BDD4DD5-7E0D-45A7-ACD7-FC0F094AF8B3}.Debug|x86.ActiveCfg = Debug|Any CPU
		{9BDD4DD5-7E0D-45A7-ACD7-FC0F094AF8B3}.Debug|x86.Build.0 = Debug|Any CPU
		{9BDD4DD5-7E0D-45A7-ACD7-FC0F094AF8B3}.Release|Any CPU.ActiveCfg = Release|Any CPU
		{9BDD4DD5-7E0D-45A7-ACD7-FC0F094AF8B3}.Release|Any CPU.Build.0 = Release|Any CPU
		{9BDD4DD5-7E0D-45A7-ACD7-FC0F094AF8B3}.Release|x64.ActiveCfg = Release|Any CPU
		{9BDD4DD5-7E0D-45A7-ACD7-FC0F094AF8B3}.Release|x64.Build.0 = Release|Any CPU
		{9BDD4DD5-7E0D-45A7-ACD7-FC0F094AF8B3}.Release|x86.ActiveCfg = Release|Any CPU
		{9BDD4DD5-7E0D-45A7-ACD7-FC0F094AF8B3}.Release|x86.Build.0 = Release|Any CPU
		{6778BDB6-6A31-4F2A-BC0D-86CB860E15D9}.Debug|Any CPU.ActiveCfg = Debug|Any CPU
		{6778BDB6-6A31-4F2A-BC0D-86CB860E15D9}.Debug|Any CPU.Build.0 = Debug|Any CPU
		{6778BDB6-6A31-4F2A-BC0D-86CB860E15D9}.Debug|x64.ActiveCfg = Debug|Any CPU
		{6778BDB6-6A31-4F2A-BC0D-86CB860E15D9}.Debug|x64.Build.0 = Debug|Any CPU
		{6778BDB6-6A31-4F2A-BC0D-86CB860E15D9}.Debug|x86.ActiveCfg = Debug|Any CPU
		{6778BDB6-6A31-4F2A-BC0D-86CB860E15D9}.Debug|x86.Build.0 = Debug|Any CPU
		{6778BDB6-6A31-4F2A-BC0D-86CB860E15D9}.Release|Any CPU.ActiveCfg = Release|Any CPU
		{6778BDB6-6A31-4F2A-BC0D-86CB860E15D9}.Release|Any CPU.Build.0 = Release|Any CPU
		{6778BDB6-6A31-4F2A-BC0D-86CB860E15D9}.Release|x64.ActiveCfg = Release|Any CPU
		{6778BDB6-6A31-4F2A-BC0D-86CB860E15D9}.Release|x64.Build.0 = Release|Any CPU
		{6778BDB6-6A31-4F2A-BC0D-86CB860E15D9}.Release|x86.ActiveCfg = Release|Any CPU
		{6778BDB6-6A31-4F2A-BC0D-86CB860E15D9}.Release|x86.Build.0 = Release|Any CPU
		{16E61117-3FD8-4482-B3ED-5667F107EC1F}.Debug|Any CPU.ActiveCfg = Debug|Any CPU
		{16E61117-3FD8-4482-B3ED-5667F107EC1F}.Debug|Any CPU.Build.0 = Debug|Any CPU
		{16E61117-3FD8-4482-B3ED-5667F107EC1F}.Debug|x64.ActiveCfg = Debug|Any CPU
		{16E61117-3FD8-4482-B3ED-5667F107EC1F}.Debug|x64.Build.0 = Debug|Any CPU
		{16E61117-3FD8-4482-B3ED-5667F107EC1F}.Debug|x86.ActiveCfg = Debug|Any CPU
		{16E61117-3FD8-4482-B3ED-5667F107EC1F}.Debug|x86.Build.0 = Debug|Any CPU
		{16E61117-3FD8-4482-B3ED-5667F107EC1F}.Release|Any CPU.ActiveCfg = Release|Any CPU
		{16E61117-3FD8-4482-B3ED-5667F107EC1F}.Release|Any CPU.Build.0 = Release|Any CPU
		{16E61117-3FD8-4482-B3ED-5667F107EC1F}.Release|x64.ActiveCfg = Release|Any CPU
		{16E61117-3FD8-4482-B3ED-5667F107EC1F}.Release|x64.Build.0 = Release|Any CPU
		{16E61117-3FD8-4482-B3ED-5667F107EC1F}.Release|x86.ActiveCfg = Release|Any CPU
		{16E61117-3FD8-4482-B3ED-5667F107EC1F}.Release|x86.Build.0 = Release|Any CPU
		{B0D38AC6-EBBB-4E5F-8E37-D5F00AD94EE9}.Debug|Any CPU.ActiveCfg = Debug|Any CPU
		{B0D38AC6-EBBB-4E5F-8E37-D5F00AD94EE9}.Debug|Any CPU.Build.0 = Debug|Any CPU
		{B0D38AC6-EBBB-4E5F-8E37-D5F00AD94EE9}.Debug|x64.ActiveCfg = Debug|Any CPU
		{B0D38AC6-EBBB-4E5F-8E37-D5F00AD94EE9}.Debug|x64.Build.0 = Debug|Any CPU
		{B0D38AC6-EBBB-4E5F-8E37-D5F00AD94EE9}.Debug|x86.ActiveCfg = Debug|Any CPU
		{B0D38AC6-EBBB-4E5F-8E37-D5F00AD94EE9}.Debug|x86.Build.0 = Debug|Any CPU
		{B0D38AC6-EBBB-4E5F-8E37-D5F00AD94EE9}.Release|Any CPU.ActiveCfg = Release|Any CPU
		{B0D38AC6-EBBB-4E5F-8E37-D5F00AD94EE9}.Release|Any CPU.Build.0 = Release|Any CPU
		{B0D38AC6-EBBB-4E5F-8E37-D5F00AD94EE9}.Release|x64.ActiveCfg = Release|Any CPU
		{B0D38AC6-EBBB-4E5F-8E37-D5F00AD94EE9}.Release|x64.Build.0 = Release|Any CPU
		{B0D38AC6-EBBB-4E5F-8E37-D5F00AD94EE9}.Release|x86.ActiveCfg = Release|Any CPU
		{B0D38AC6-EBBB-4E5F-8E37-D5F00AD94EE9}.Release|x86.Build.0 = Release|Any CPU
		{40AFC8FD-D981-449D-A947-938E69138F87}.Debug|Any CPU.ActiveCfg = Debug|Any CPU
		{40AFC8FD-D981-449D-A947-938E69138F87}.Debug|Any CPU.Build.0 = Debug|Any CPU
		{40AFC8FD-D981-449D-A947-938E69138F87}.Debug|x64.ActiveCfg = Debug|Any CPU
		{40AFC8FD-D981-449D-A947-938E69138F87}.Debug|x64.Build.0 = Debug|Any CPU
		{40AFC8FD-D981-449D-A947-938E69138F87}.Debug|x86.ActiveCfg = Debug|Any CPU
		{40AFC8FD-D981-449D-A947-938E69138F87}.Debug|x86.Build.0 = Debug|Any CPU
		{40AFC8FD-D981-449D-A947-938E69138F87}.Release|Any CPU.ActiveCfg = Release|Any CPU
		{40AFC8FD-D981-449D-A947-938E69138F87}.Release|Any CPU.Build.0 = Release|Any CPU
		{40AFC8FD-D981-449D-A947-938E69138F87}.Release|x64.ActiveCfg = Release|Any CPU
		{40AFC8FD-D981-449D-A947-938E69138F87}.Release|x64.Build.0 = Release|Any CPU
		{40AFC8FD-D981-449D-A947-938E69138F87}.Release|x86.ActiveCfg = Release|Any CPU
		{40AFC8FD-D981-449D-A947-938E69138F87}.Release|x86.Build.0 = Release|Any CPU
		{7642C300-8B1A-4DD4-BD14-29D348D359DE}.Debug|Any CPU.ActiveCfg = Debug|Any CPU
		{7642C300-8B1A-4DD4-BD14-29D348D359DE}.Debug|Any CPU.Build.0 = Debug|Any CPU
		{7642C300-8B1A-4DD4-BD14-29D348D359DE}.Debug|x64.ActiveCfg = Debug|Any CPU
		{7642C300-8B1A-4DD4-BD14-29D348D359DE}.Debug|x64.Build.0 = Debug|Any CPU
		{7642C300-8B1A-4DD4-BD14-29D348D359DE}.Debug|x86.ActiveCfg = Debug|Any CPU
		{7642C300-8B1A-4DD4-BD14-29D348D359DE}.Debug|x86.Build.0 = Debug|Any CPU
		{7642C300-8B1A-4DD4-BD14-29D348D359DE}.Release|Any CPU.ActiveCfg = Release|Any CPU
		{7642C300-8B1A-4DD4-BD14-29D348D359DE}.Release|Any CPU.Build.0 = Release|Any CPU
		{7642C300-8B1A-4DD4-BD14-29D348D359DE}.Release|x64.ActiveCfg = Release|Any CPU
		{7642C300-8B1A-4DD4-BD14-29D348D359DE}.Release|x64.Build.0 = Release|Any CPU
		{7642C300-8B1A-4DD4-BD14-29D348D359DE}.Release|x86.ActiveCfg = Release|Any CPU
		{7642C300-8B1A-4DD4-BD14-29D348D359DE}.Release|x86.Build.0 = Release|Any CPU
		{F30E24BE-5727-4C6D-9645-B4FE987E0C3D}.Debug|Any CPU.ActiveCfg = Debug|Any CPU
		{F30E24BE-5727-4C6D-9645-B4FE987E0C3D}.Debug|Any CPU.Build.0 = Debug|Any CPU
		{F30E24BE-5727-4C6D-9645-B4FE987E0C3D}.Debug|x64.ActiveCfg = Debug|Any CPU
		{F30E24BE-5727-4C6D-9645-B4FE987E0C3D}.Debug|x64.Build.0 = Debug|Any CPU
		{F30E24BE-5727-4C6D-9645-B4FE987E0C3D}.Debug|x86.ActiveCfg = Debug|Any CPU
		{F30E24BE-5727-4C6D-9645-B4FE987E0C3D}.Debug|x86.Build.0 = Debug|Any CPU
		{F30E24BE-5727-4C6D-9645-B4FE987E0C3D}.Release|Any CPU.ActiveCfg = Release|Any CPU
		{F30E24BE-5727-4C6D-9645-B4FE987E0C3D}.Release|Any CPU.Build.0 = Release|Any CPU
		{F30E24BE-5727-4C6D-9645-B4FE987E0C3D}.Release|x64.ActiveCfg = Release|Any CPU
		{F30E24BE-5727-4C6D-9645-B4FE987E0C3D}.Release|x64.Build.0 = Release|Any CPU
		{F30E24BE-5727-4C6D-9645-B4FE987E0C3D}.Release|x86.ActiveCfg = Release|Any CPU
		{F30E24BE-5727-4C6D-9645-B4FE987E0C3D}.Release|x86.Build.0 = Release|Any CPU
		{904BC494-CDEE-4EEE-B26B-25B568E7680A}.Debug|Any CPU.ActiveCfg = Debug|Any CPU
		{904BC494-CDEE-4EEE-B26B-25B568E7680A}.Debug|Any CPU.Build.0 = Debug|Any CPU
		{904BC494-CDEE-4EEE-B26B-25B568E7680A}.Debug|x64.ActiveCfg = Debug|Any CPU
		{904BC494-CDEE-4EEE-B26B-25B568E7680A}.Debug|x64.Build.0 = Debug|Any CPU
		{904BC494-CDEE-4EEE-B26B-25B568E7680A}.Debug|x86.ActiveCfg = Debug|Any CPU
		{904BC494-CDEE-4EEE-B26B-25B568E7680A}.Debug|x86.Build.0 = Debug|Any CPU
		{904BC494-CDEE-4EEE-B26B-25B568E7680A}.Release|Any CPU.ActiveCfg = Release|Any CPU
		{904BC494-CDEE-4EEE-B26B-25B568E7680A}.Release|Any CPU.Build.0 = Release|Any CPU
		{904BC494-CDEE-4EEE-B26B-25B568E7680A}.Release|x64.ActiveCfg = Release|Any CPU
		{904BC494-CDEE-4EEE-B26B-25B568E7680A}.Release|x64.Build.0 = Release|Any CPU
		{904BC494-CDEE-4EEE-B26B-25B568E7680A}.Release|x86.ActiveCfg = Release|Any CPU
		{904BC494-CDEE-4EEE-B26B-25B568E7680A}.Release|x86.Build.0 = Release|Any CPU
		{3DDE967A-6E13-4404-AAF3-A7DB637EED2D}.Debug|Any CPU.ActiveCfg = Debug|Any CPU
		{3DDE967A-6E13-4404-AAF3-A7DB637EED2D}.Debug|Any CPU.Build.0 = Debug|Any CPU
		{3DDE967A-6E13-4404-AAF3-A7DB637EED2D}.Debug|x64.ActiveCfg = Debug|Any CPU
		{3DDE967A-6E13-4404-AAF3-A7DB637EED2D}.Debug|x64.Build.0 = Debug|Any CPU
		{3DDE967A-6E13-4404-AAF3-A7DB637EED2D}.Debug|x86.ActiveCfg = Debug|Any CPU
		{3DDE967A-6E13-4404-AAF3-A7DB637EED2D}.Debug|x86.Build.0 = Debug|Any CPU
		{3DDE967A-6E13-4404-AAF3-A7DB637EED2D}.Release|Any CPU.ActiveCfg = Release|Any CPU
		{3DDE967A-6E13-4404-AAF3-A7DB637EED2D}.Release|Any CPU.Build.0 = Release|Any CPU
		{3DDE967A-6E13-4404-AAF3-A7DB637EED2D}.Release|x64.ActiveCfg = Release|Any CPU
		{3DDE967A-6E13-4404-AAF3-A7DB637EED2D}.Release|x64.Build.0 = Release|Any CPU
		{3DDE967A-6E13-4404-AAF3-A7DB637EED2D}.Release|x86.ActiveCfg = Release|Any CPU
		{3DDE967A-6E13-4404-AAF3-A7DB637EED2D}.Release|x86.Build.0 = Release|Any CPU
		{CAA59756-D3CA-45FB-A76C-F86368A6903D}.Debug|Any CPU.ActiveCfg = Debug|Any CPU
		{CAA59756-D3CA-45FB-A76C-F86368A6903D}.Debug|Any CPU.Build.0 = Debug|Any CPU
		{CAA59756-D3CA-45FB-A76C-F86368A6903D}.Debug|x64.ActiveCfg = Debug|Any CPU
		{CAA59756-D3CA-45FB-A76C-F86368A6903D}.Debug|x64.Build.0 = Debug|Any CPU
		{CAA59756-D3CA-45FB-A76C-F86368A6903D}.Debug|x86.ActiveCfg = Debug|Any CPU
		{CAA59756-D3CA-45FB-A76C-F86368A6903D}.Debug|x86.Build.0 = Debug|Any CPU
		{CAA59756-D3CA-45FB-A76C-F86368A6903D}.Release|Any CPU.ActiveCfg = Release|Any CPU
		{CAA59756-D3CA-45FB-A76C-F86368A6903D}.Release|Any CPU.Build.0 = Release|Any CPU
		{CAA59756-D3CA-45FB-A76C-F86368A6903D}.Release|x64.ActiveCfg = Release|Any CPU
		{CAA59756-D3CA-45FB-A76C-F86368A6903D}.Release|x64.Build.0 = Release|Any CPU
		{CAA59756-D3CA-45FB-A76C-F86368A6903D}.Release|x86.ActiveCfg = Release|Any CPU
		{CAA59756-D3CA-45FB-A76C-F86368A6903D}.Release|x86.Build.0 = Release|Any CPU
		{B1FF3A26-90FD-46B3-B193-8AC1EDD7193D}.Debug|Any CPU.ActiveCfg = Debug|Any CPU
		{B1FF3A26-90FD-46B3-B193-8AC1EDD7193D}.Debug|Any CPU.Build.0 = Debug|Any CPU
		{B1FF3A26-90FD-46B3-B193-8AC1EDD7193D}.Debug|x64.ActiveCfg = Debug|Any CPU
		{B1FF3A26-90FD-46B3-B193-8AC1EDD7193D}.Debug|x64.Build.0 = Debug|Any CPU
		{B1FF3A26-90FD-46B3-B193-8AC1EDD7193D}.Debug|x86.ActiveCfg = Debug|Any CPU
		{B1FF3A26-90FD-46B3-B193-8AC1EDD7193D}.Debug|x86.Build.0 = Debug|Any CPU
		{B1FF3A26-90FD-46B3-B193-8AC1EDD7193D}.Release|Any CPU.ActiveCfg = Release|Any CPU
		{B1FF3A26-90FD-46B3-B193-8AC1EDD7193D}.Release|Any CPU.Build.0 = Release|Any CPU
		{B1FF3A26-90FD-46B3-B193-8AC1EDD7193D}.Release|x64.ActiveCfg = Release|Any CPU
		{B1FF3A26-90FD-46B3-B193-8AC1EDD7193D}.Release|x64.Build.0 = Release|Any CPU
		{B1FF3A26-90FD-46B3-B193-8AC1EDD7193D}.Release|x86.ActiveCfg = Release|Any CPU
		{B1FF3A26-90FD-46B3-B193-8AC1EDD7193D}.Release|x86.Build.0 = Release|Any CPU
		{E117A229-6626-442D-A41D-6F2FB56AA5CD}.Debug|Any CPU.ActiveCfg = Debug|Any CPU
		{E117A229-6626-442D-A41D-6F2FB56AA5CD}.Debug|Any CPU.Build.0 = Debug|Any CPU
		{E117A229-6626-442D-A41D-6F2FB56AA5CD}.Debug|x64.ActiveCfg = Debug|Any CPU
		{E117A229-6626-442D-A41D-6F2FB56AA5CD}.Debug|x64.Build.0 = Debug|Any CPU
		{E117A229-6626-442D-A41D-6F2FB56AA5CD}.Debug|x86.ActiveCfg = Debug|Any CPU
		{E117A229-6626-442D-A41D-6F2FB56AA5CD}.Debug|x86.Build.0 = Debug|Any CPU
		{E117A229-6626-442D-A41D-6F2FB56AA5CD}.Release|Any CPU.ActiveCfg = Release|Any CPU
		{E117A229-6626-442D-A41D-6F2FB56AA5CD}.Release|Any CPU.Build.0 = Release|Any CPU
		{E117A229-6626-442D-A41D-6F2FB56AA5CD}.Release|x64.ActiveCfg = Release|Any CPU
		{E117A229-6626-442D-A41D-6F2FB56AA5CD}.Release|x64.Build.0 = Release|Any CPU
		{E117A229-6626-442D-A41D-6F2FB56AA5CD}.Release|x86.ActiveCfg = Release|Any CPU
		{E117A229-6626-442D-A41D-6F2FB56AA5CD}.Release|x86.Build.0 = Release|Any CPU
		{0FA37D14-FCF2-4CBD-8C58-3820D65B96B5}.Debug|Any CPU.ActiveCfg = Debug|Any CPU
		{0FA37D14-FCF2-4CBD-8C58-3820D65B96B5}.Debug|Any CPU.Build.0 = Debug|Any CPU
		{0FA37D14-FCF2-4CBD-8C58-3820D65B96B5}.Debug|x64.ActiveCfg = Debug|Any CPU
		{0FA37D14-FCF2-4CBD-8C58-3820D65B96B5}.Debug|x64.Build.0 = Debug|Any CPU
		{0FA37D14-FCF2-4CBD-8C58-3820D65B96B5}.Debug|x86.ActiveCfg = Debug|Any CPU
		{0FA37D14-FCF2-4CBD-8C58-3820D65B96B5}.Debug|x86.Build.0 = Debug|Any CPU
		{0FA37D14-FCF2-4CBD-8C58-3820D65B96B5}.Release|Any CPU.ActiveCfg = Release|Any CPU
		{0FA37D14-FCF2-4CBD-8C58-3820D65B96B5}.Release|Any CPU.Build.0 = Release|Any CPU
		{0FA37D14-FCF2-4CBD-8C58-3820D65B96B5}.Release|x64.ActiveCfg = Release|Any CPU
		{0FA37D14-FCF2-4CBD-8C58-3820D65B96B5}.Release|x64.Build.0 = Release|Any CPU
		{0FA37D14-FCF2-4CBD-8C58-3820D65B96B5}.Release|x86.ActiveCfg = Release|Any CPU
		{0FA37D14-FCF2-4CBD-8C58-3820D65B96B5}.Release|x86.Build.0 = Release|Any CPU
		{558F6D8A-4462-4D5A-BB1C-58759F4F3EFE}.Debug|Any CPU.ActiveCfg = Debug|Any CPU
		{558F6D8A-4462-4D5A-BB1C-58759F4F3EFE}.Debug|Any CPU.Build.0 = Debug|Any CPU
		{558F6D8A-4462-4D5A-BB1C-58759F4F3EFE}.Debug|x64.ActiveCfg = Debug|Any CPU
		{558F6D8A-4462-4D5A-BB1C-58759F4F3EFE}.Debug|x64.Build.0 = Debug|Any CPU
		{558F6D8A-4462-4D5A-BB1C-58759F4F3EFE}.Debug|x86.ActiveCfg = Debug|Any CPU
		{558F6D8A-4462-4D5A-BB1C-58759F4F3EFE}.Debug|x86.Build.0 = Debug|Any CPU
		{558F6D8A-4462-4D5A-BB1C-58759F4F3EFE}.Release|Any CPU.ActiveCfg = Release|Any CPU
		{558F6D8A-4462-4D5A-BB1C-58759F4F3EFE}.Release|Any CPU.Build.0 = Release|Any CPU
		{558F6D8A-4462-4D5A-BB1C-58759F4F3EFE}.Release|x64.ActiveCfg = Release|Any CPU
		{558F6D8A-4462-4D5A-BB1C-58759F4F3EFE}.Release|x64.Build.0 = Release|Any CPU
		{558F6D8A-4462-4D5A-BB1C-58759F4F3EFE}.Release|x86.ActiveCfg = Release|Any CPU
		{558F6D8A-4462-4D5A-BB1C-58759F4F3EFE}.Release|x86.Build.0 = Release|Any CPU
		{49C60AB0-E4CD-4CA2-A968-D929ADBC3AF5}.Debug|Any CPU.ActiveCfg = Debug|Any CPU
		{49C60AB0-E4CD-4CA2-A968-D929ADBC3AF5}.Debug|Any CPU.Build.0 = Debug|Any CPU
		{49C60AB0-E4CD-4CA2-A968-D929ADBC3AF5}.Debug|x64.ActiveCfg = Debug|Any CPU
		{49C60AB0-E4CD-4CA2-A968-D929ADBC3AF5}.Debug|x64.Build.0 = Debug|Any CPU
		{49C60AB0-E4CD-4CA2-A968-D929ADBC3AF5}.Debug|x86.ActiveCfg = Debug|Any CPU
		{49C60AB0-E4CD-4CA2-A968-D929ADBC3AF5}.Debug|x86.Build.0 = Debug|Any CPU
		{49C60AB0-E4CD-4CA2-A968-D929ADBC3AF5}.Release|Any CPU.ActiveCfg = Release|Any CPU
		{49C60AB0-E4CD-4CA2-A968-D929ADBC3AF5}.Release|Any CPU.Build.0 = Release|Any CPU
		{49C60AB0-E4CD-4CA2-A968-D929ADBC3AF5}.Release|x64.ActiveCfg = Release|Any CPU
		{49C60AB0-E4CD-4CA2-A968-D929ADBC3AF5}.Release|x64.Build.0 = Release|Any CPU
		{49C60AB0-E4CD-4CA2-A968-D929ADBC3AF5}.Release|x86.ActiveCfg = Release|Any CPU
		{49C60AB0-E4CD-4CA2-A968-D929ADBC3AF5}.Release|x86.Build.0 = Release|Any CPU
		{ABBD1320-6FC6-4052-A201-B5A6CFF34943}.Debug|Any CPU.ActiveCfg = Debug|Any CPU
		{ABBD1320-6FC6-4052-A201-B5A6CFF34943}.Debug|Any CPU.Build.0 = Debug|Any CPU
		{ABBD1320-6FC6-4052-A201-B5A6CFF34943}.Debug|Any CPU.Deploy.0 = Debug|Any CPU
		{ABBD1320-6FC6-4052-A201-B5A6CFF34943}.Debug|x64.ActiveCfg = Debug|Any CPU
		{ABBD1320-6FC6-4052-A201-B5A6CFF34943}.Debug|x64.Build.0 = Debug|Any CPU
		{ABBD1320-6FC6-4052-A201-B5A6CFF34943}.Debug|x64.Deploy.0 = Debug|Any CPU
		{ABBD1320-6FC6-4052-A201-B5A6CFF34943}.Debug|x86.ActiveCfg = Debug|Any CPU
		{ABBD1320-6FC6-4052-A201-B5A6CFF34943}.Debug|x86.Build.0 = Debug|Any CPU
		{ABBD1320-6FC6-4052-A201-B5A6CFF34943}.Debug|x86.Deploy.0 = Debug|Any CPU
		{ABBD1320-6FC6-4052-A201-B5A6CFF34943}.Release|Any CPU.ActiveCfg = Release|Any CPU
		{ABBD1320-6FC6-4052-A201-B5A6CFF34943}.Release|Any CPU.Build.0 = Release|Any CPU
		{ABBD1320-6FC6-4052-A201-B5A6CFF34943}.Release|Any CPU.Deploy.0 = Release|Any CPU
		{ABBD1320-6FC6-4052-A201-B5A6CFF34943}.Release|x64.ActiveCfg = Release|Any CPU
		{ABBD1320-6FC6-4052-A201-B5A6CFF34943}.Release|x64.Build.0 = Release|Any CPU
		{ABBD1320-6FC6-4052-A201-B5A6CFF34943}.Release|x64.Deploy.0 = Release|Any CPU
		{ABBD1320-6FC6-4052-A201-B5A6CFF34943}.Release|x86.ActiveCfg = Release|Any CPU
		{ABBD1320-6FC6-4052-A201-B5A6CFF34943}.Release|x86.Build.0 = Release|Any CPU
		{ABBD1320-6FC6-4052-A201-B5A6CFF34943}.Release|x86.Deploy.0 = Release|Any CPU
		{DC1C3A6E-6104-4285-9294-6FE9DFD50B8E}.Debug|Any CPU.ActiveCfg = Debug|Any CPU
		{DC1C3A6E-6104-4285-9294-6FE9DFD50B8E}.Debug|Any CPU.Build.0 = Debug|Any CPU
		{DC1C3A6E-6104-4285-9294-6FE9DFD50B8E}.Debug|x64.ActiveCfg = Debug|Any CPU
		{DC1C3A6E-6104-4285-9294-6FE9DFD50B8E}.Debug|x64.Build.0 = Debug|Any CPU
		{DC1C3A6E-6104-4285-9294-6FE9DFD50B8E}.Debug|x86.ActiveCfg = Debug|Any CPU
		{DC1C3A6E-6104-4285-9294-6FE9DFD50B8E}.Debug|x86.Build.0 = Debug|Any CPU
		{DC1C3A6E-6104-4285-9294-6FE9DFD50B8E}.Release|Any CPU.ActiveCfg = Release|Any CPU
		{DC1C3A6E-6104-4285-9294-6FE9DFD50B8E}.Release|Any CPU.Build.0 = Release|Any CPU
		{DC1C3A6E-6104-4285-9294-6FE9DFD50B8E}.Release|x64.ActiveCfg = Release|Any CPU
		{DC1C3A6E-6104-4285-9294-6FE9DFD50B8E}.Release|x64.Build.0 = Release|Any CPU
		{DC1C3A6E-6104-4285-9294-6FE9DFD50B8E}.Release|x86.ActiveCfg = Release|Any CPU
		{DC1C3A6E-6104-4285-9294-6FE9DFD50B8E}.Release|x86.Build.0 = Release|Any CPU
		{715F79B1-CF23-4B33-9E56-A68785931136}.Debug|Any CPU.ActiveCfg = Debug|Any CPU
		{715F79B1-CF23-4B33-9E56-A68785931136}.Debug|Any CPU.Build.0 = Debug|Any CPU
		{715F79B1-CF23-4B33-9E56-A68785931136}.Debug|x64.ActiveCfg = Debug|Any CPU
		{715F79B1-CF23-4B33-9E56-A68785931136}.Debug|x64.Build.0 = Debug|Any CPU
		{715F79B1-CF23-4B33-9E56-A68785931136}.Debug|x86.ActiveCfg = Debug|Any CPU
		{715F79B1-CF23-4B33-9E56-A68785931136}.Debug|x86.Build.0 = Debug|Any CPU
		{715F79B1-CF23-4B33-9E56-A68785931136}.Release|Any CPU.ActiveCfg = Release|Any CPU
		{715F79B1-CF23-4B33-9E56-A68785931136}.Release|Any CPU.Build.0 = Release|Any CPU
		{715F79B1-CF23-4B33-9E56-A68785931136}.Release|x64.ActiveCfg = Release|Any CPU
		{715F79B1-CF23-4B33-9E56-A68785931136}.Release|x64.Build.0 = Release|Any CPU
		{715F79B1-CF23-4B33-9E56-A68785931136}.Release|x86.ActiveCfg = Release|Any CPU
		{715F79B1-CF23-4B33-9E56-A68785931136}.Release|x86.Build.0 = Release|Any CPU
		{C1C72138-2F08-438F-AF94-D5086ABF0A4F}.Debug|Any CPU.ActiveCfg = Debug|Any CPU
		{C1C72138-2F08-438F-AF94-D5086ABF0A4F}.Debug|Any CPU.Build.0 = Debug|Any CPU
		{C1C72138-2F08-438F-AF94-D5086ABF0A4F}.Debug|Any CPU.Deploy.0 = Debug|Any CPU
		{C1C72138-2F08-438F-AF94-D5086ABF0A4F}.Debug|x64.ActiveCfg = Debug|Any CPU
		{C1C72138-2F08-438F-AF94-D5086ABF0A4F}.Debug|x64.Build.0 = Debug|Any CPU
		{C1C72138-2F08-438F-AF94-D5086ABF0A4F}.Debug|x64.Deploy.0 = Debug|Any CPU
		{C1C72138-2F08-438F-AF94-D5086ABF0A4F}.Debug|x86.ActiveCfg = Debug|Any CPU
		{C1C72138-2F08-438F-AF94-D5086ABF0A4F}.Debug|x86.Build.0 = Debug|Any CPU
		{C1C72138-2F08-438F-AF94-D5086ABF0A4F}.Debug|x86.Deploy.0 = Debug|Any CPU
		{C1C72138-2F08-438F-AF94-D5086ABF0A4F}.Release|Any CPU.ActiveCfg = Release|Any CPU
		{C1C72138-2F08-438F-AF94-D5086ABF0A4F}.Release|Any CPU.Build.0 = Release|Any CPU
		{C1C72138-2F08-438F-AF94-D5086ABF0A4F}.Release|Any CPU.Deploy.0 = Release|Any CPU
		{C1C72138-2F08-438F-AF94-D5086ABF0A4F}.Release|x64.ActiveCfg = Release|Any CPU
		{C1C72138-2F08-438F-AF94-D5086ABF0A4F}.Release|x64.Build.0 = Release|Any CPU
		{C1C72138-2F08-438F-AF94-D5086ABF0A4F}.Release|x64.Deploy.0 = Release|Any CPU
		{C1C72138-2F08-438F-AF94-D5086ABF0A4F}.Release|x86.ActiveCfg = Release|Any CPU
		{C1C72138-2F08-438F-AF94-D5086ABF0A4F}.Release|x86.Build.0 = Release|Any CPU
		{C1C72138-2F08-438F-AF94-D5086ABF0A4F}.Release|x86.Deploy.0 = Release|Any CPU
		{66A89FFD-F54D-4174-8784-44DD38F46C09}.Debug|Any CPU.ActiveCfg = Debug|Any CPU
		{66A89FFD-F54D-4174-8784-44DD38F46C09}.Debug|Any CPU.Build.0 = Debug|Any CPU
		{66A89FFD-F54D-4174-8784-44DD38F46C09}.Debug|x64.ActiveCfg = Debug|Any CPU
		{66A89FFD-F54D-4174-8784-44DD38F46C09}.Debug|x64.Build.0 = Debug|Any CPU
		{66A89FFD-F54D-4174-8784-44DD38F46C09}.Debug|x86.ActiveCfg = Debug|Any CPU
		{66A89FFD-F54D-4174-8784-44DD38F46C09}.Debug|x86.Build.0 = Debug|Any CPU
		{66A89FFD-F54D-4174-8784-44DD38F46C09}.Release|Any CPU.ActiveCfg = Release|Any CPU
		{66A89FFD-F54D-4174-8784-44DD38F46C09}.Release|Any CPU.Build.0 = Release|Any CPU
		{66A89FFD-F54D-4174-8784-44DD38F46C09}.Release|x64.ActiveCfg = Release|Any CPU
		{66A89FFD-F54D-4174-8784-44DD38F46C09}.Release|x64.Build.0 = Release|Any CPU
		{66A89FFD-F54D-4174-8784-44DD38F46C09}.Release|x86.ActiveCfg = Release|Any CPU
		{66A89FFD-F54D-4174-8784-44DD38F46C09}.Release|x86.Build.0 = Release|Any CPU
		{653286EF-3E2A-4095-B180-D4ED36691466}.Debug|Any CPU.ActiveCfg = Debug|Any CPU
		{653286EF-3E2A-4095-B180-D4ED36691466}.Debug|Any CPU.Build.0 = Debug|Any CPU
		{653286EF-3E2A-4095-B180-D4ED36691466}.Debug|x64.ActiveCfg = Debug|Any CPU
		{653286EF-3E2A-4095-B180-D4ED36691466}.Debug|x64.Build.0 = Debug|Any CPU
		{653286EF-3E2A-4095-B180-D4ED36691466}.Debug|x86.ActiveCfg = Debug|Any CPU
		{653286EF-3E2A-4095-B180-D4ED36691466}.Debug|x86.Build.0 = Debug|Any CPU
		{653286EF-3E2A-4095-B180-D4ED36691466}.Release|Any CPU.ActiveCfg = Release|Any CPU
		{653286EF-3E2A-4095-B180-D4ED36691466}.Release|Any CPU.Build.0 = Release|Any CPU
		{653286EF-3E2A-4095-B180-D4ED36691466}.Release|x64.ActiveCfg = Release|Any CPU
		{653286EF-3E2A-4095-B180-D4ED36691466}.Release|x64.Build.0 = Release|Any CPU
		{653286EF-3E2A-4095-B180-D4ED36691466}.Release|x86.ActiveCfg = Release|Any CPU
		{653286EF-3E2A-4095-B180-D4ED36691466}.Release|x86.Build.0 = Release|Any CPU
		{8F817791-2939-48DA-829C-21B1089EAC9A}.Debug|Any CPU.ActiveCfg = Debug|Any CPU
		{8F817791-2939-48DA-829C-21B1089EAC9A}.Debug|Any CPU.Build.0 = Debug|Any CPU
		{8F817791-2939-48DA-829C-21B1089EAC9A}.Debug|x64.ActiveCfg = Debug|Any CPU
		{8F817791-2939-48DA-829C-21B1089EAC9A}.Debug|x64.Build.0 = Debug|Any CPU
		{8F817791-2939-48DA-829C-21B1089EAC9A}.Debug|x86.ActiveCfg = Debug|Any CPU
		{8F817791-2939-48DA-829C-21B1089EAC9A}.Debug|x86.Build.0 = Debug|Any CPU
		{8F817791-2939-48DA-829C-21B1089EAC9A}.Release|Any CPU.ActiveCfg = Release|Any CPU
		{8F817791-2939-48DA-829C-21B1089EAC9A}.Release|Any CPU.Build.0 = Release|Any CPU
		{8F817791-2939-48DA-829C-21B1089EAC9A}.Release|x64.ActiveCfg = Release|Any CPU
		{8F817791-2939-48DA-829C-21B1089EAC9A}.Release|x64.Build.0 = Release|Any CPU
		{8F817791-2939-48DA-829C-21B1089EAC9A}.Release|x86.ActiveCfg = Release|Any CPU
		{8F817791-2939-48DA-829C-21B1089EAC9A}.Release|x86.Build.0 = Release|Any CPU
	EndGlobalSection
	GlobalSection(SolutionProperties) = preSolution
		HideSolutionNode = FALSE
	EndGlobalSection
	GlobalSection(NestedProjects) = preSolution
		{B3773A05-CB22-4B2F-817C-84E16AFC6010} = {F53885A5-5126-4860-940B-0BDFE9F6A0C2}
		{050264E4-3106-410D-9F2F-51320C12330E} = {45B6A338-BD4F-474F-8261-E2927E841B38}
		{AF661116-EEE0-49D0-93A9-82281A3C80F0} = {3CE7319A-D86B-47DA-8EBD-1D16C1F59BAF}
		{1075EC72-DE9B-4072-B568-17EB13A187A8} = {AF661116-EEE0-49D0-93A9-82281A3C80F0}
		{188AC79E-212F-416D-BE6E-EE6A5A7CE2A1} = {AF661116-EEE0-49D0-93A9-82281A3C80F0}
		{902544B0-63FA-4A42-B733-743C0F1759EA} = {AF661116-EEE0-49D0-93A9-82281A3C80F0}
		{97D940D7-97A1-466C-8F66-AC7840A835D5} = {26452902-B573-476E-8620-AEF897C69666}
		{7EB4E83E-0371-43C5-96B8-C7027F82A523} = {A81E8E20-1054-47B3-9AF0-9C64AF445225}
		{2B50384D-B564-4C18-9A67-03960444CCF0} = {A81E8E20-1054-47B3-9AF0-9C64AF445225}
		{23250716-4053-4F6E-A92A-BD89224D48CB} = {A81E8E20-1054-47B3-9AF0-9C64AF445225}
		{002A1C82-D1FC-42B3-AE9D-8E18CE82FC07} = {A81E8E20-1054-47B3-9AF0-9C64AF445225}
		{6356964B-2619-4371-A356-55491CC02B2B} = {A81E8E20-1054-47B3-9AF0-9C64AF445225}
		{B32158D1-84F5-462A-A926-6237BACBD798} = {D883B620-DE8E-47CF-8864-EB6A44EFE101}
		{5760872C-701B-4B79-9C98-2C6C4472F704} = {A81E8E20-1054-47B3-9AF0-9C64AF445225}
		{9BDD4DD5-7E0D-45A7-ACD7-FC0F094AF8B3} = {45B6A338-BD4F-474F-8261-E2927E841B38}
		{6778BDB6-6A31-4F2A-BC0D-86CB860E15D9} = {45B6A338-BD4F-474F-8261-E2927E841B38}
		{2B9B6831-153C-490D-8FFD-B42CC0977A34} = {3CE7319A-D86B-47DA-8EBD-1D16C1F59BAF}
		{16E61117-3FD8-4482-B3ED-5667F107EC1F} = {45B6A338-BD4F-474F-8261-E2927E841B38}
		{B0D38AC6-EBBB-4E5F-8E37-D5F00AD94EE9} = {45B6A338-BD4F-474F-8261-E2927E841B38}
		{40AFC8FD-D981-449D-A947-938E69138F87} = {45B6A338-BD4F-474F-8261-E2927E841B38}
		{7642C300-8B1A-4DD4-BD14-29D348D359DE} = {D883B620-DE8E-47CF-8864-EB6A44EFE101}
		{F30E24BE-5727-4C6D-9645-B4FE987E0C3D} = {A81E8E20-1054-47B3-9AF0-9C64AF445225}
		{904BC494-CDEE-4EEE-B26B-25B568E7680A} = {A81E8E20-1054-47B3-9AF0-9C64AF445225}
		{3DDE967A-6E13-4404-AAF3-A7DB637EED2D} = {45B6A338-BD4F-474F-8261-E2927E841B38}
		{CAA59756-D3CA-45FB-A76C-F86368A6903D} = {A81E8E20-1054-47B3-9AF0-9C64AF445225}
		{B1FF3A26-90FD-46B3-B193-8AC1EDD7193D} = {A81E8E20-1054-47B3-9AF0-9C64AF445225}
		{E117A229-6626-442D-A41D-6F2FB56AA5CD} = {A81E8E20-1054-47B3-9AF0-9C64AF445225}
		{0FA37D14-FCF2-4CBD-8C58-3820D65B96B5} = {A81E8E20-1054-47B3-9AF0-9C64AF445225}
		{558F6D8A-4462-4D5A-BB1C-58759F4F3EFE} = {A81E8E20-1054-47B3-9AF0-9C64AF445225}
		{49C60AB0-E4CD-4CA2-A968-D929ADBC3AF5} = {D883B620-DE8E-47CF-8864-EB6A44EFE101}
		{ABBD1320-6FC6-4052-A201-B5A6CFF34943} = {BA423F24-DEA0-42C7-B4CE-E79568817A8D}
		{31E16CFE-FF07-4E4A-926F-521B310871D4} = {A81E8E20-1054-47B3-9AF0-9C64AF445225}
		{DC1C3A6E-6104-4285-9294-6FE9DFD50B8E} = {31E16CFE-FF07-4E4A-926F-521B310871D4}
		{715F79B1-CF23-4B33-9E56-A68785931136} = {31E16CFE-FF07-4E4A-926F-521B310871D4}
		{C1C72138-2F08-438F-AF94-D5086ABF0A4F} = {BA423F24-DEA0-42C7-B4CE-E79568817A8D}
		{66A89FFD-F54D-4174-8784-44DD38F46C09} = {31E16CFE-FF07-4E4A-926F-521B310871D4}
		{653286EF-3E2A-4095-B180-D4ED36691466} = {F53885A5-5126-4860-940B-0BDFE9F6A0C2}
		{F53885A5-5126-4860-940B-0BDFE9F6A0C2} = {A81E8E20-1054-47B3-9AF0-9C64AF445225}
		{8F817791-2939-48DA-829C-21B1089EAC9A} = {31E16CFE-FF07-4E4A-926F-521B310871D4}
	EndGlobalSection
	GlobalSection(ExtensibilityGlobals) = postSolution
		SolutionGuid = {56EC6D0A-701F-4A5F-953C-6CCA04EB8B94}
	EndGlobalSection
EndGlobal
